
Microsoft Visual Studio Solution File, Format Version 12.00
# Visual Studio Version 17
VisualStudioVersion = 17.8.34525.116
MinimumVisualStudioVersion = 10.0.40219.1
Project("{FAE04EC0-301F-11D3-BF4B-00C04F79EFBC}") = "ProgPart3", "ProgPart3.csproj", "{85A06260-12B8-477D-B20F-983235FC489C}"
EndProject
Global
	GlobalSection(SolutionConfigurationPlatforms) = preSolution
		Debug|Any CPU = Debug|Any CPU
		Release|Any CPU = Release|Any CPU
	EndGlobalSection
	GlobalSection(ProjectConfigurationPlatforms) = postSolution
		{85A06260-12B8-477D-B20F-983235FC489C}.Debug|Any CPU.ActiveCfg = Debug|Any CPU
		{85A06260-12B8-477D-B20F-983235FC489C}.Debug|Any CPU.Build.0 = Debug|Any CPU
		{85A06260-12B8-477D-B20F-983235FC489C}.Release|Any CPU.ActiveCfg = Release|Any CPU
		{85A06260-12B8-477D-B20F-983235FC489C}.Release|Any CPU.Build.0 = Release|Any CPU
	EndGlobalSection
	GlobalSection(SolutionProperties) = preSolution
		HideSolutionNode = FALSE
	EndGlobalSection
	GlobalSection(ExtensibilityGlobals) = postSolution
		SolutionGuid = {2F769DB9-346B-4BF9-AAC7-BF88E28093AC}
	EndGlobalSection
EndGlobal
